// !$*UTF8*$!
{
	archiveVersion = 1;
	classes = {
	};
	objectVersion = 56;
	objects = {

/* Begin PBXBuildFile section */
		B1101FC12B6C7E86005E545E /* SwipeActionApp.swift in Sources */ = {isa = PBXBuildFile; fileRef = B1101FC02B6C7E86005E545E /* SwipeActionApp.swift */; };
		B1101FC32B6C7E86005E545E /* ContentView.swift in Sources */ = {isa = PBXBuildFile; fileRef = B1101FC22B6C7E86005E545E /* ContentView.swift */; };
		B1101FC52B6C7E87005E545E /* Assets.xcassets in Resources */ = {isa = PBXBuildFile; fileRef = B1101FC42B6C7E87005E545E /* Assets.xcassets */; };
		B1101FC82B6C7E87005E545E /* Preview Assets.xcassets in Resources */ = {isa = PBXBuildFile; fileRef = B1101FC72B6C7E87005E545E /* Preview Assets.xcassets */; };
		B1101FCF2B6D5F83005E545E /* SettingsView.swift in Sources */ = {isa = PBXBuildFile; fileRef = B1101FCE2B6D5F83005E545E /* SettingsView.swift */; };
		B1101FD12B6D60B8005E545E /* ItemDataModel.swift in Sources */ = {isa = PBXBuildFile; fileRef = B1101FD02B6D60B8005E545E /* ItemDataModel.swift */; };
		B1B512662B6DB402005DCC21 /* ListItemsView.swift in Sources */ = {isa = PBXBuildFile; fileRef = B1B512652B6DB402005DCC21 /* ListItemsView.swift */; };
		B1B5126B2B6F4014005DCC21 /* FirebaseAppCheck in Frameworks */ = {isa = PBXBuildFile; productRef = B1B5126A2B6F4014005DCC21 /* FirebaseAppCheck */; };
		B1B5126D2B6F4014005DCC21 /* FirebaseAppDistribution-Beta in Frameworks */ = {isa = PBXBuildFile; productRef = B1B5126C2B6F4014005DCC21 /* FirebaseAppDistribution-Beta */; };
		B1B5126F2B6F4014005DCC21 /* FirebaseAuth in Frameworks */ = {isa = PBXBuildFile; productRef = B1B5126E2B6F4014005DCC21 /* FirebaseAuth */; };
		B1B512712B6F4014005DCC21 /* FirebaseDatabase in Frameworks */ = {isa = PBXBuildFile; productRef = B1B512702B6F4014005DCC21 /* FirebaseDatabase */; };
		B1B512732B6F4014005DCC21 /* FirebaseDatabaseSwift in Frameworks */ = {isa = PBXBuildFile; productRef = B1B512722B6F4014005DCC21 /* FirebaseDatabaseSwift */; };
		B1B512752B6F4014005DCC21 /* FirebaseDynamicLinks in Frameworks */ = {isa = PBXBuildFile; productRef = B1B512742B6F4014005DCC21 /* FirebaseDynamicLinks */; };
		B1B512772B6F4014005DCC21 /* FirebaseFirestore in Frameworks */ = {isa = PBXBuildFile; productRef = B1B512762B6F4014005DCC21 /* FirebaseFirestore */; };
		B1B512792B6F4014005DCC21 /* FirebaseFirestoreCombine-Community in Frameworks */ = {isa = PBXBuildFile; productRef = B1B512782B6F4014005DCC21 /* FirebaseFirestoreCombine-Community */; };
		B1B5127B2B6F4014005DCC21 /* FirebaseFirestoreSwift in Frameworks */ = {isa = PBXBuildFile; productRef = B1B5127A2B6F4014005DCC21 /* FirebaseFirestoreSwift */; };
		B1B5127D2B6F4014005DCC21 /* FirebaseFunctions in Frameworks */ = {isa = PBXBuildFile; productRef = B1B5127C2B6F4014005DCC21 /* FirebaseFunctions */; };
		B1B5127F2B6F4014005DCC21 /* FirebaseFunctionsCombine-Community in Frameworks */ = {isa = PBXBuildFile; productRef = B1B5127E2B6F4014005DCC21 /* FirebaseFunctionsCombine-Community */; };
		B1B512812B6F4014005DCC21 /* FirebaseInAppMessaging-Beta in Frameworks */ = {isa = PBXBuildFile; productRef = B1B512802B6F4014005DCC21 /* FirebaseInAppMessaging-Beta */; };
		B1B512832B6F4014005DCC21 /* FirebaseInAppMessagingSwift-Beta in Frameworks */ = {isa = PBXBuildFile; productRef = B1B512822B6F4014005DCC21 /* FirebaseInAppMessagingSwift-Beta */; };
		B1B512852B6F4014005DCC21 /* FirebaseInstallations in Frameworks */ = {isa = PBXBuildFile; productRef = B1B512842B6F4014005DCC21 /* FirebaseInstallations */; };
		B1B512872B6F4014005DCC21 /* FirebaseMLModelDownloader in Frameworks */ = {isa = PBXBuildFile; productRef = B1B512862B6F4014005DCC21 /* FirebaseMLModelDownloader */; };
		B1B512892B6F4014005DCC21 /* FirebaseMessaging in Frameworks */ = {isa = PBXBuildFile; productRef = B1B512882B6F4014005DCC21 /* FirebaseMessaging */; };
		B1B5128B2B6F4014005DCC21 /* FirebasePerformance in Frameworks */ = {isa = PBXBuildFile; productRef = B1B5128A2B6F4014005DCC21 /* FirebasePerformance */; };
		B1B5128D2B6F4014005DCC21 /* FirebaseRemoteConfig in Frameworks */ = {isa = PBXBuildFile; productRef = B1B5128C2B6F4014005DCC21 /* FirebaseRemoteConfig */; };
		B1B5128F2B6F4014005DCC21 /* FirebaseRemoteConfigSwift in Frameworks */ = {isa = PBXBuildFile; productRef = B1B5128E2B6F4014005DCC21 /* FirebaseRemoteConfigSwift */; };
		B1B512912B6F4014005DCC21 /* FirebaseStorage in Frameworks */ = {isa = PBXBuildFile; productRef = B1B512902B6F4014005DCC21 /* FirebaseStorage */; };
		B1B512932B6F4014005DCC21 /* FirebaseStorageCombine-Community in Frameworks */ = {isa = PBXBuildFile; productRef = B1B512922B6F4014005DCC21 /* FirebaseStorageCombine-Community */; };
		B1B512972B6F42ED005DCC21 /* Authentication.swift in Sources */ = {isa = PBXBuildFile; fileRef = B1B512962B6F42ED005DCC21 /* Authentication.swift */; };
		B1B512992B6F44D4005DCC21 /* SignInView.swift in Sources */ = {isa = PBXBuildFile; fileRef = B1B512982B6F44D4005DCC21 /* SignInView.swift */; };
		B1B5129C2B6F4620005DCC21 /* GoogleSignIn in Frameworks */ = {isa = PBXBuildFile; productRef = B1B5129B2B6F4620005DCC21 /* GoogleSignIn */; };
		B1B5129E2B6F4620005DCC21 /* GoogleSignInSwift in Frameworks */ = {isa = PBXBuildFile; productRef = B1B5129D2B6F4620005DCC21 /* GoogleSignInSwift */; };
		B1B512A02B6F46A8005DCC21 /* GoogleSignInService.swift in Sources */ = {isa = PBXBuildFile; fileRef = B1B5129F2B6F46A8005DCC21 /* GoogleSignInService.swift */; };
		B1B512A22B6F46E4005DCC21 /* Utilities.swift in Sources */ = {isa = PBXBuildFile; fileRef = B1B512A12B6F46E4005DCC21 /* Utilities.swift */; };
		B1B512A42B7038F8005DCC21 /* GoogleService-Info.plist in Resources */ = {isa = PBXBuildFile; fileRef = B1B512A32B7038F8005DCC21 /* GoogleService-Info.plist */; };
		B1B512A72B704C7E005DCC21 /* GoogleSignInBtn.swift in Sources */ = {isa = PBXBuildFile; fileRef = B1B512A62B704C7D005DCC21 /* GoogleSignInBtn.swift */; };
		B1B512A92B718E8A005DCC21 /* ConnectionView.swift in Sources */ = {isa = PBXBuildFile; fileRef = B1B512A82B718E8A005DCC21 /* ConnectionView.swift */; };
		B1B512AB2B7193E5005DCC21 /* ButtonStyles.swift in Sources */ = {isa = PBXBuildFile; fileRef = B1B512AA2B7193E5005DCC21 /* ButtonStyles.swift */; };
		B1B512AD2B719E0E005DCC21 /* FirebaseService.swift in Sources */ = {isa = PBXBuildFile; fileRef = B1B512AC2B719E0E005DCC21 /* FirebaseService.swift */; };
		B1B512B02B72A6EA005DCC21 /* ShareView.swift in Sources */ = {isa = PBXBuildFile; fileRef = B1B512AF2B72A6EA005DCC21 /* ShareView.swift */; };
		B1B512CC2B73E0BA005DCC21 /* ProfileView.swift in Sources */ = {isa = PBXBuildFile; fileRef = B1B512CB2B73E0BA005DCC21 /* ProfileView.swift */; };
		B1B512CF2B73EC12005DCC21 /* StorageService.swift in Sources */ = {isa = PBXBuildFile; fileRef = B1B512CE2B73EC12005DCC21 /* StorageService.swift */; };
		B1B512D12B759D8A005DCC21 /* SharedListView.swift in Sources */ = {isa = PBXBuildFile; fileRef = B1B512D02B759D8A005DCC21 /* SharedListView.swift */; };
/* End PBXBuildFile section */

/* Begin PBXFileReference section */
		B1101FBD2B6C7E86005E545E /* SwipeAction.app */ = {isa = PBXFileReference; explicitFileType = wrapper.application; includeInIndex = 0; path = SwipeAction.app; sourceTree = BUILT_PRODUCTS_DIR; };
		B1101FC02B6C7E86005E545E /* SwipeActionApp.swift */ = {isa = PBXFileReference; lastKnownFileType = sourcecode.swift; path = SwipeActionApp.swift; sourceTree = "<group>"; };
		B1101FC22B6C7E86005E545E /* ContentView.swift */ = {isa = PBXFileReference; lastKnownFileType = sourcecode.swift; path = ContentView.swift; sourceTree = "<group>"; };
		B1101FC42B6C7E87005E545E /* Assets.xcassets */ = {isa = PBXFileReference; lastKnownFileType = folder.assetcatalog; path = Assets.xcassets; sourceTree = "<group>"; };
		B1101FC72B6C7E87005E545E /* Preview Assets.xcassets */ = {isa = PBXFileReference; lastKnownFileType = folder.assetcatalog; path = "Preview Assets.xcassets"; sourceTree = "<group>"; };
		B1101FCE2B6D5F83005E545E /* SettingsView.swift */ = {isa = PBXFileReference; lastKnownFileType = sourcecode.swift; path = SettingsView.swift; sourceTree = "<group>"; };
		B1101FD02B6D60B8005E545E /* ItemDataModel.swift */ = {isa = PBXFileReference; lastKnownFileType = sourcecode.swift; path = ItemDataModel.swift; sourceTree = "<group>"; };
		B1B512652B6DB402005DCC21 /* ListItemsView.swift */ = {isa = PBXFileReference; lastKnownFileType = sourcecode.swift; path = ListItemsView.swift; sourceTree = "<group>"; };
		B1B512962B6F42ED005DCC21 /* Authentication.swift */ = {isa = PBXFileReference; lastKnownFileType = sourcecode.swift; path = Authentication.swift; sourceTree = "<group>"; };
		B1B512982B6F44D4005DCC21 /* SignInView.swift */ = {isa = PBXFileReference; lastKnownFileType = sourcecode.swift; path = SignInView.swift; sourceTree = "<group>"; };
		B1B5129F2B6F46A8005DCC21 /* GoogleSignInService.swift */ = {isa = PBXFileReference; lastKnownFileType = sourcecode.swift; path = GoogleSignInService.swift; sourceTree = "<group>"; };
		B1B512A12B6F46E4005DCC21 /* Utilities.swift */ = {isa = PBXFileReference; lastKnownFileType = sourcecode.swift; path = Utilities.swift; sourceTree = "<group>"; };
		B1B512A32B7038F8005DCC21 /* GoogleService-Info.plist */ = {isa = PBXFileReference; fileEncoding = 4; lastKnownFileType = text.plist.xml; path = "GoogleService-Info.plist"; sourceTree = "<group>"; };
		B1B512A52B7039C6005DCC21 /* Info.plist */ = {isa = PBXFileReference; lastKnownFileType = text.plist; path = Info.plist; sourceTree = "<group>"; };
		B1B512A62B704C7D005DCC21 /* GoogleSignInBtn.swift */ = {isa = PBXFileReference; lastKnownFileType = sourcecode.swift; path = GoogleSignInBtn.swift; sourceTree = "<group>"; };
		B1B512A82B718E8A005DCC21 /* ConnectionView.swift */ = {isa = PBXFileReference; lastKnownFileType = sourcecode.swift; path = ConnectionView.swift; sourceTree = "<group>"; };
		B1B512AA2B7193E5005DCC21 /* ButtonStyles.swift */ = {isa = PBXFileReference; lastKnownFileType = sourcecode.swift; path = ButtonStyles.swift; sourceTree = "<group>"; };
		B1B512AC2B719E0E005DCC21 /* FirebaseService.swift */ = {isa = PBXFileReference; lastKnownFileType = sourcecode.swift; path = FirebaseService.swift; sourceTree = "<group>"; };
		B1B512AE2B71C354005DCC21 /* SwipeAction.entitlements */ = {isa = PBXFileReference; lastKnownFileType = text.plist.entitlements; path = SwipeAction.entitlements; sourceTree = "<group>"; };
		B1B512AF2B72A6EA005DCC21 /* ShareView.swift */ = {isa = PBXFileReference; lastKnownFileType = sourcecode.swift; path = ShareView.swift; sourceTree = "<group>"; };
		B1B512CB2B73E0BA005DCC21 /* ProfileView.swift */ = {isa = PBXFileReference; lastKnownFileType = sourcecode.swift; path = ProfileView.swift; sourceTree = "<group>"; };
		B1B512CE2B73EC12005DCC21 /* StorageService.swift */ = {isa = PBXFileReference; fileEncoding = 4; lastKnownFileType = sourcecode.swift; path = StorageService.swift; sourceTree = "<group>"; };
		B1B512D02B759D8A005DCC21 /* SharedListView.swift */ = {isa = PBXFileReference; lastKnownFileType = sourcecode.swift; path = SharedListView.swift; sourceTree = "<group>"; };
/* End PBXFileReference section */

/* Begin PBXFrameworksBuildPhase section */
		B1101FBA2B6C7E86005E545E /* Frameworks */ = {
			isa = PBXFrameworksBuildPhase;
			buildActionMask = 2147483647;
			files = (
				B1B512892B6F4014005DCC21 /* FirebaseMessaging in Frameworks */,
				B1B512932B6F4014005DCC21 /* FirebaseStorageCombine-Community in Frameworks */,
				B1B512732B6F4014005DCC21 /* FirebaseDatabaseSwift in Frameworks */,
				B1B5128F2B6F4014005DCC21 /* FirebaseRemoteConfigSwift in Frameworks */,
				B1B512852B6F4014005DCC21 /* FirebaseInstallations in Frameworks */,
				B1B512792B6F4014005DCC21 /* FirebaseFirestoreCombine-Community in Frameworks */,
				B1B5126B2B6F4014005DCC21 /* FirebaseAppCheck in Frameworks */,
				B1B5126F2B6F4014005DCC21 /* FirebaseAuth in Frameworks */,
				B1B512712B6F4014005DCC21 /* FirebaseDatabase in Frameworks */,
				B1B5126D2B6F4014005DCC21 /* FirebaseAppDistribution-Beta in Frameworks */,
				B1B512752B6F4014005DCC21 /* FirebaseDynamicLinks in Frameworks */,
				B1B5128D2B6F4014005DCC21 /* FirebaseRemoteConfig in Frameworks */,
				B1B5128B2B6F4014005DCC21 /* FirebasePerformance in Frameworks */,
				B1B5129C2B6F4620005DCC21 /* GoogleSignIn in Frameworks */,
				B1B5127D2B6F4014005DCC21 /* FirebaseFunctions in Frameworks */,
				B1B512912B6F4014005DCC21 /* FirebaseStorage in Frameworks */,
				B1B512832B6F4014005DCC21 /* FirebaseInAppMessagingSwift-Beta in Frameworks */,
				B1B512772B6F4014005DCC21 /* FirebaseFirestore in Frameworks */,
				B1B5127F2B6F4014005DCC21 /* FirebaseFunctionsCombine-Community in Frameworks */,
				B1B512872B6F4014005DCC21 /* FirebaseMLModelDownloader in Frameworks */,
				B1B5127B2B6F4014005DCC21 /* FirebaseFirestoreSwift in Frameworks */,
				B1B5129E2B6F4620005DCC21 /* GoogleSignInSwift in Frameworks */,
				B1B512812B6F4014005DCC21 /* FirebaseInAppMessaging-Beta in Frameworks */,
			);
			runOnlyForDeploymentPostprocessing = 0;
		};
/* End PBXFrameworksBuildPhase section */

/* Begin PBXGroup section */
		B1101FB42B6C7E86005E545E = {
			isa = PBXGroup;
			children = (
				B1101FBF2B6C7E86005E545E /* SwipeAction */,
				B1101FBE2B6C7E86005E545E /* Products */,
			);
			sourceTree = "<group>";
		};
		B1101FBE2B6C7E86005E545E /* Products */ = {
			isa = PBXGroup;
			children = (
				B1101FBD2B6C7E86005E545E /* SwipeAction.app */,
			);
			name = Products;
			sourceTree = "<group>";
		};
		B1101FBF2B6C7E86005E545E /* SwipeAction */ = {
			isa = PBXGroup;
			children = (
				B1B512CD2B73EBF4005DCC21 /* Services */,
				B1B512AE2B71C354005DCC21 /* SwipeAction.entitlements */,
				B1B512A52B7039C6005DCC21 /* Info.plist */,
				B1101FC02B6C7E86005E545E /* SwipeActionApp.swift */,
				B1101FC22B6C7E86005E545E /* ContentView.swift */,
				B1B512A82B718E8A005DCC21 /* ConnectionView.swift */,
				B1101FCE2B6D5F83005E545E /* SettingsView.swift */,
				B1B512982B6F44D4005DCC21 /* SignInView.swift */,
				B1B512652B6DB402005DCC21 /* ListItemsView.swift */,
				B1B512AF2B72A6EA005DCC21 /* ShareView.swift */,
				B1B512D02B759D8A005DCC21 /* SharedListView.swift */,
				B1B512CB2B73E0BA005DCC21 /* ProfileView.swift */,
				B1B512A62B704C7D005DCC21 /* GoogleSignInBtn.swift */,
				B1B512A12B6F46E4005DCC21 /* Utilities.swift */,
				B1B512AA2B7193E5005DCC21 /* ButtonStyles.swift */,
				B1B512A32B7038F8005DCC21 /* GoogleService-Info.plist */,
				B1101FC42B6C7E87005E545E /* Assets.xcassets */,
				B1101FC62B6C7E87005E545E /* Preview Content */,
			);
			path = SwipeAction;
			sourceTree = "<group>";
		};
		B1101FC62B6C7E87005E545E /* Preview Content */ = {
			isa = PBXGroup;
			children = (
				B1101FC72B6C7E87005E545E /* Preview Assets.xcassets */,
			);
			path = "Preview Content";
			sourceTree = "<group>";
		};
		B1B512CD2B73EBF4005DCC21 /* Services */ = {
			isa = PBXGroup;
			children = (
				B1B512962B6F42ED005DCC21 /* Authentication.swift */,
				B1B512AC2B719E0E005DCC21 /* FirebaseService.swift */,
				B1101FD02B6D60B8005E545E /* ItemDataModel.swift */,
				B1B5129F2B6F46A8005DCC21 /* GoogleSignInService.swift */,
				B1B512CE2B73EC12005DCC21 /* StorageService.swift */,
			);
			path = Services;
			sourceTree = "<group>";
		};
/* End PBXGroup section */

/* Begin PBXNativeTarget section */
		B1101FBC2B6C7E86005E545E /* SwipeAction */ = {
			isa = PBXNativeTarget;
			buildConfigurationList = B1101FCB2B6C7E87005E545E /* Build configuration list for PBXNativeTarget "SwipeAction" */;
			buildPhases = (
				B1101FB92B6C7E86005E545E /* Sources */,
				B1101FBA2B6C7E86005E545E /* Frameworks */,
				B1101FBB2B6C7E86005E545E /* Resources */,
			);
			buildRules = (
			);
			dependencies = (
			);
			name = SwipeAction;
			packageProductDependencies = (
				B1B5126A2B6F4014005DCC21 /* FirebaseAppCheck */,
				B1B5126C2B6F4014005DCC21 /* FirebaseAppDistribution-Beta */,
				B1B5126E2B6F4014005DCC21 /* FirebaseAuth */,
				B1B512702B6F4014005DCC21 /* FirebaseDatabase */,
				B1B512722B6F4014005DCC21 /* FirebaseDatabaseSwift */,
				B1B512742B6F4014005DCC21 /* FirebaseDynamicLinks */,
				B1B512762B6F4014005DCC21 /* FirebaseFirestore */,
				B1B512782B6F4014005DCC21 /* FirebaseFirestoreCombine-Community */,
				B1B5127A2B6F4014005DCC21 /* FirebaseFirestoreSwift */,
				B1B5127C2B6F4014005DCC21 /* FirebaseFunctions */,
				B1B5127E2B6F4014005DCC21 /* FirebaseFunctionsCombine-Community */,
				B1B512802B6F4014005DCC21 /* FirebaseInAppMessaging-Beta */,
				B1B512822B6F4014005DCC21 /* FirebaseInAppMessagingSwift-Beta */,
				B1B512842B6F4014005DCC21 /* FirebaseInstallations */,
				B1B512862B6F4014005DCC21 /* FirebaseMLModelDownloader */,
				B1B512882B6F4014005DCC21 /* FirebaseMessaging */,
				B1B5128A2B6F4014005DCC21 /* FirebasePerformance */,
				B1B5128C2B6F4014005DCC21 /* FirebaseRemoteConfig */,
				B1B5128E2B6F4014005DCC21 /* FirebaseRemoteConfigSwift */,
				B1B512902B6F4014005DCC21 /* FirebaseStorage */,
				B1B512922B6F4014005DCC21 /* FirebaseStorageCombine-Community */,
				B1B5129B2B6F4620005DCC21 /* GoogleSignIn */,
				B1B5129D2B6F4620005DCC21 /* GoogleSignInSwift */,
			);
			productName = SwipeAction;
			productReference = B1101FBD2B6C7E86005E545E /* SwipeAction.app */;
			productType = "com.apple.product-type.application";
		};
/* End PBXNativeTarget section */

/* Begin PBXProject section */
		B1101FB52B6C7E86005E545E /* Project object */ = {
			isa = PBXProject;
			attributes = {
				BuildIndependentTargetsInParallel = 1;
				LastSwiftUpdateCheck = 1520;
				LastUpgradeCheck = 1520;
				TargetAttributes = {
					B1101FBC2B6C7E86005E545E = {
						CreatedOnToolsVersion = 15.2;
					};
				};
			};
			buildConfigurationList = B1101FB82B6C7E86005E545E /* Build configuration list for PBXProject "SwipeAction" */;
			compatibilityVersion = "Xcode 14.0";
			developmentRegion = en;
			hasScannedForEncodings = 0;
			knownRegions = (
				en,
				Base,
			);
			mainGroup = B1101FB42B6C7E86005E545E;
			packageReferences = (
				B1B512692B6F4014005DCC21 /* XCRemoteSwiftPackageReference "firebase-ios-sdk" */,
				B1B5129A2B6F4620005DCC21 /* XCRemoteSwiftPackageReference "GoogleSignIn-iOS" */,
			);
			productRefGroup = B1101FBE2B6C7E86005E545E /* Products */;
			projectDirPath = "";
			projectRoot = "";
			targets = (
				B1101FBC2B6C7E86005E545E /* SwipeAction */,
			);
		};
/* End PBXProject section */

/* Begin PBXResourcesBuildPhase section */
		B1101FBB2B6C7E86005E545E /* Resources */ = {
			isa = PBXResourcesBuildPhase;
			buildActionMask = 2147483647;
			files = (
				B1101FC82B6C7E87005E545E /* Preview Assets.xcassets in Resources */,
				B1101FC52B6C7E87005E545E /* Assets.xcassets in Resources */,
				B1B512A42B7038F8005DCC21 /* GoogleService-Info.plist in Resources */,
			);
			runOnlyForDeploymentPostprocessing = 0;
		};
/* End PBXResourcesBuildPhase section */

/* Begin PBXSourcesBuildPhase section */
		B1101FB92B6C7E86005E545E /* Sources */ = {
			isa = PBXSourcesBuildPhase;
			buildActionMask = 2147483647;
			files = (
				B1B512662B6DB402005DCC21 /* ListItemsView.swift in Sources */,
				B1B512AB2B7193E5005DCC21 /* ButtonStyles.swift in Sources */,
				B1B512992B6F44D4005DCC21 /* SignInView.swift in Sources */,
				B1B512A92B718E8A005DCC21 /* ConnectionView.swift in Sources */,
				B1B512A02B6F46A8005DCC21 /* GoogleSignInService.swift in Sources */,
				B1B512CF2B73EC12005DCC21 /* StorageService.swift in Sources */,
				B1101FD12B6D60B8005E545E /* ItemDataModel.swift in Sources */,
				B1101FCF2B6D5F83005E545E /* SettingsView.swift in Sources */,
				B1B512CC2B73E0BA005DCC21 /* ProfileView.swift in Sources */,
				B1B512AD2B719E0E005DCC21 /* FirebaseService.swift in Sources */,
				B1101FC32B6C7E86005E545E /* ContentView.swift in Sources */,
				B1B512A22B6F46E4005DCC21 /* Utilities.swift in Sources */,
				B1B512B02B72A6EA005DCC21 /* ShareView.swift in Sources */,
				B1101FC12B6C7E86005E545E /* SwipeActionApp.swift in Sources */,
				B1B512A72B704C7E005DCC21 /* GoogleSignInBtn.swift in Sources */,
				B1B512D12B759D8A005DCC21 /* SharedListView.swift in Sources */,
				B1B512972B6F42ED005DCC21 /* Authentication.swift in Sources */,
			);
			runOnlyForDeploymentPostprocessing = 0;
		};
/* End PBXSourcesBuildPhase section */

/* Begin XCBuildConfiguration section */
		B1101FC92B6C7E87005E545E /* Debug */ = {
			isa = XCBuildConfiguration;
			buildSettings = {
				ALWAYS_SEARCH_USER_PATHS = NO;
				ASSETCATALOG_COMPILER_GENERATE_SWIFT_ASSET_SYMBOL_EXTENSIONS = YES;
				CLANG_ANALYZER_NONNULL = YES;
				CLANG_ANALYZER_NUMBER_OBJECT_CONVERSION = YES_AGGRESSIVE;
				CLANG_CXX_LANGUAGE_STANDARD = "gnu++20";
				CLANG_ENABLE_MODULES = YES;
				CLANG_ENABLE_OBJC_ARC = YES;
				CLANG_ENABLE_OBJC_WEAK = YES;
				CLANG_WARN_BLOCK_CAPTURE_AUTORELEASING = YES;
				CLANG_WARN_BOOL_CONVERSION = YES;
				CLANG_WARN_COMMA = YES;
				CLANG_WARN_CONSTANT_CONVERSION = YES;
				CLANG_WARN_DEPRECATED_OBJC_IMPLEMENTATIONS = YES;
				CLANG_WARN_DIRECT_OBJC_ISA_USAGE = YES_ERROR;
				CLANG_WARN_DOCUMENTATION_COMMENTS = YES;
				CLANG_WARN_EMPTY_BODY = YES;
				CLANG_WARN_ENUM_CONVERSION = YES;
				CLANG_WARN_INFINITE_RECURSION = YES;
				CLANG_WARN_INT_CONVERSION = YES;
				CLANG_WARN_NON_LITERAL_NULL_CONVERSION = YES;
				CLANG_WARN_OBJC_IMPLICIT_RETAIN_SELF = YES;
				CLANG_WARN_OBJC_LITERAL_CONVERSION = YES;
				CLANG_WARN_OBJC_ROOT_CLASS = YES_ERROR;
				CLANG_WARN_QUOTED_INCLUDE_IN_FRAMEWORK_HEADER = YES;
				CLANG_WARN_RANGE_LOOP_ANALYSIS = YES;
				CLANG_WARN_STRICT_PROTOTYPES = YES;
				CLANG_WARN_SUSPICIOUS_MOVE = YES;
				CLANG_WARN_UNGUARDED_AVAILABILITY = YES_AGGRESSIVE;
				CLANG_WARN_UNREACHABLE_CODE = YES;
				CLANG_WARN__DUPLICATE_METHOD_MATCH = YES;
				COPY_PHASE_STRIP = NO;
				DEBUG_INFORMATION_FORMAT = dwarf;
				ENABLE_STRICT_OBJC_MSGSEND = YES;
				ENABLE_TESTABILITY = YES;
				ENABLE_USER_SCRIPT_SANDBOXING = YES;
				GCC_C_LANGUAGE_STANDARD = gnu17;
				GCC_DYNAMIC_NO_PIC = NO;
				GCC_NO_COMMON_BLOCKS = YES;
				GCC_OPTIMIZATION_LEVEL = 0;
				GCC_PREPROCESSOR_DEFINITIONS = (
					"DEBUG=1",
					"$(inherited)",
				);
				GCC_WARN_64_TO_32_BIT_CONVERSION = YES;
				GCC_WARN_ABOUT_RETURN_TYPE = YES_ERROR;
				GCC_WARN_UNDECLARED_SELECTOR = YES;
				GCC_WARN_UNINITIALIZED_AUTOS = YES_AGGRESSIVE;
				GCC_WARN_UNUSED_FUNCTION = YES;
				GCC_WARN_UNUSED_VARIABLE = YES;
				IPHONEOS_DEPLOYMENT_TARGET = 17.2;
				LOCALIZATION_PREFERS_STRING_CATALOGS = YES;
				MTL_ENABLE_DEBUG_INFO = INCLUDE_SOURCE;
				MTL_FAST_MATH = YES;
				ONLY_ACTIVE_ARCH = YES;
				SDKROOT = iphoneos;
				SWIFT_ACTIVE_COMPILATION_CONDITIONS = "DEBUG $(inherited)";
				SWIFT_OPTIMIZATION_LEVEL = "-Onone";
			};
			name = Debug;
		};
		B1101FCA2B6C7E87005E545E /* Release */ = {
			isa = XCBuildConfiguration;
			buildSettings = {
				ALWAYS_SEARCH_USER_PATHS = NO;
				ASSETCATALOG_COMPILER_GENERATE_SWIFT_ASSET_SYMBOL_EXTENSIONS = YES;
				CLANG_ANALYZER_NONNULL = YES;
				CLANG_ANALYZER_NUMBER_OBJECT_CONVERSION = YES_AGGRESSIVE;
				CLANG_CXX_LANGUAGE_STANDARD = "gnu++20";
				CLANG_ENABLE_MODULES = YES;
				CLANG_ENABLE_OBJC_ARC = YES;
				CLANG_ENABLE_OBJC_WEAK = YES;
				CLANG_WARN_BLOCK_CAPTURE_AUTORELEASING = YES;
				CLANG_WARN_BOOL_CONVERSION = YES;
				CLANG_WARN_COMMA = YES;
				CLANG_WARN_CONSTANT_CONVERSION = YES;
				CLANG_WARN_DEPRECATED_OBJC_IMPLEMENTATIONS = YES;
				CLANG_WARN_DIRECT_OBJC_ISA_USAGE = YES_ERROR;
				CLANG_WARN_DOCUMENTATION_COMMENTS = YES;
				CLANG_WARN_EMPTY_BODY = YES;
				CLANG_WARN_ENUM_CONVERSION = YES;
				CLANG_WARN_INFINITE_RECURSION = YES;
				CLANG_WARN_INT_CONVERSION = YES;
				CLANG_WARN_NON_LITERAL_NULL_CONVERSION = YES;
				CLANG_WARN_OBJC_IMPLICIT_RETAIN_SELF = YES;
				CLANG_WARN_OBJC_LITERAL_CONVERSION = YES;
				CLANG_WARN_OBJC_ROOT_CLASS = YES_ERROR;
				CLANG_WARN_QUOTED_INCLUDE_IN_FRAMEWORK_HEADER = YES;
				CLANG_WARN_RANGE_LOOP_ANALYSIS = YES;
				CLANG_WARN_STRICT_PROTOTYPES = YES;
				CLANG_WARN_SUSPICIOUS_MOVE = YES;
				CLANG_WARN_UNGUARDED_AVAILABILITY = YES_AGGRESSIVE;
				CLANG_WARN_UNREACHABLE_CODE = YES;
				CLANG_WARN__DUPLICATE_METHOD_MATCH = YES;
				COPY_PHASE_STRIP = NO;
				DEBUG_INFORMATION_FORMAT = "dwarf-with-dsym";
				ENABLE_NS_ASSERTIONS = NO;
				ENABLE_STRICT_OBJC_MSGSEND = YES;
				ENABLE_USER_SCRIPT_SANDBOXING = YES;
				GCC_C_LANGUAGE_STANDARD = gnu17;
				GCC_NO_COMMON_BLOCKS = YES;
				GCC_WARN_64_TO_32_BIT_CONVERSION = YES;
				GCC_WARN_ABOUT_RETURN_TYPE = YES_ERROR;
				GCC_WARN_UNDECLARED_SELECTOR = YES;
				GCC_WARN_UNINITIALIZED_AUTOS = YES_AGGRESSIVE;
				GCC_WARN_UNUSED_FUNCTION = YES;
				GCC_WARN_UNUSED_VARIABLE = YES;
				IPHONEOS_DEPLOYMENT_TARGET = 17.2;
				LOCALIZATION_PREFERS_STRING_CATALOGS = YES;
				MTL_ENABLE_DEBUG_INFO = NO;
				MTL_FAST_MATH = YES;
				SDKROOT = iphoneos;
				SWIFT_COMPILATION_MODE = wholemodule;
				VALIDATE_PRODUCT = YES;
			};
			name = Release;
		};
		B1101FCC2B6C7E87005E545E /* Debug */ = {
			isa = XCBuildConfiguration;
			buildSettings = {
				ASSETCATALOG_COMPILER_APPICON_NAME = AppIcon;
				ASSETCATALOG_COMPILER_GLOBAL_ACCENT_COLOR_NAME = AccentColor;
				CODE_SIGN_ENTITLEMENTS = SwipeAction/SwipeAction.entitlements;
				CODE_SIGN_STYLE = Automatic;
				CURRENT_PROJECT_VERSION = 1;
				DEVELOPMENT_ASSET_PATHS = "\"SwipeAction/Preview Content\"";
				DEVELOPMENT_TEAM = DDDAQ32TPA;
				ENABLE_PREVIEWS = YES;
				GENERATE_INFOPLIST_FILE = YES;
				INFOPLIST_FILE = SwipeAction/Info.plist;
				INFOPLIST_KEY_UIApplicationSceneManifest_Generation = YES;
				INFOPLIST_KEY_UIApplicationSupportsIndirectInputEvents = YES;
				INFOPLIST_KEY_UILaunchScreen_Generation = YES;
				INFOPLIST_KEY_UISupportedInterfaceOrientations_iPad = "UIInterfaceOrientationPortrait UIInterfaceOrientationPortraitUpsideDown UIInterfaceOrientationLandscapeLeft UIInterfaceOrientationLandscapeRight";
				INFOPLIST_KEY_UISupportedInterfaceOrientations_iPhone = "UIInterfaceOrientationPortrait UIInterfaceOrientationLandscapeLeft UIInterfaceOrientationLandscapeRight";
				LD_RUNPATH_SEARCH_PATHS = (
					"$(inherited)",
					"@executable_path/Frameworks",
				);
				MARKETING_VERSION = 1.0;
				PRODUCT_BUNDLE_IDENTIFIER = com.breakawaydesign.SwipeAction;
				PRODUCT_NAME = "$(TARGET_NAME)";
				SWIFT_EMIT_LOC_STRINGS = YES;
				SWIFT_VERSION = 5.0;
				TARGETED_DEVICE_FAMILY = "1,2";
			};
			name = Debug;
		};
		B1101FCD2B6C7E87005E545E /* Release */ = {
			isa = XCBuildConfiguration;
			buildSettings = {
				ASSETCATALOG_COMPILER_APPICON_NAME = AppIcon;
				ASSETCATALOG_COMPILER_GLOBAL_ACCENT_COLOR_NAME = AccentColor;
				CODE_SIGN_ENTITLEMENTS = SwipeAction/SwipeAction.entitlements;
				CODE_SIGN_STYLE = Automatic;
				CURRENT_PROJECT_VERSION = 1;
				DEVELOPMENT_ASSET_PATHS = "\"SwipeAction/Preview Content\"";
				DEVELOPMENT_TEAM = DDDAQ32TPA;
				ENABLE_PREVIEWS = YES;
				GENERATE_INFOPLIST_FILE = YES;
				INFOPLIST_FILE = SwipeAction/Info.plist;
				INFOPLIST_KEY_UIApplicationSceneManifest_Generation = YES;
				INFOPLIST_KEY_UIApplicationSupportsIndirectInputEvents = YES;
				INFOPLIST_KEY_UILaunchScreen_Generation = YES;
				INFOPLIST_KEY_UISupportedInterfaceOrientations_iPad = "UIInterfaceOrientationPortrait UIInterfaceOrientationPortraitUpsideDown UIInterfaceOrientationLandscapeLeft UIInterfaceOrientationLandscapeRight";
				INFOPLIST_KEY_UISupportedInterfaceOrientations_iPhone = "UIInterfaceOrientationPortrait UIInterfaceOrientationLandscapeLeft UIInterfaceOrientationLandscapeRight";
				LD_RUNPATH_SEARCH_PATHS = (
					"$(inherited)",
					"@executable_path/Frameworks",
				);
				MARKETING_VERSION = 1.0;
				PRODUCT_BUNDLE_IDENTIFIER = com.breakawaydesign.SwipeAction;
				PRODUCT_NAME = "$(TARGET_NAME)";
				SWIFT_EMIT_LOC_STRINGS = YES;
				SWIFT_VERSION = 5.0;
				TARGETED_DEVICE_FAMILY = "1,2";
			};
			name = Release;
		};
/* End XCBuildConfiguration section */

/* Begin XCConfigurationList section */
		B1101FB82B6C7E86005E545E /* Build configuration list for PBXProject "SwipeAction" */ = {
			isa = XCConfigurationList;
			buildConfigurations = (
				B1101FC92B6C7E87005E545E /* Debug */,
				B1101FCA2B6C7E87005E545E /* Release */,
			);
			defaultConfigurationIsVisible = 0;
			defaultConfigurationName = Release;
		};
		B1101FCB2B6C7E87005E545E /* Build configuration list for PBXNativeTarget "SwipeAction" */ = {
			isa = XCConfigurationList;
			buildConfigurations = (
				B1101FCC2B6C7E87005E545E /* Debug */,
				B1101FCD2B6C7E87005E545E /* Release */,
			);
			defaultConfigurationIsVisible = 0;
			defaultConfigurationName = Release;
		};
/* End XCConfigurationList section */

/* Begin XCRemoteSwiftPackageReference section */
		B1B512692B6F4014005DCC21 /* XCRemoteSwiftPackageReference "firebase-ios-sdk" */ = {
			isa = XCRemoteSwiftPackageReference;
			repositoryURL = "https://github.com/firebase/firebase-ios-sdk.git";
			requirement = {
				kind = upToNextMajorVersion;
				minimumVersion = 10.20.0;
			};
		};
		B1B5129A2B6F4620005DCC21 /* XCRemoteSwiftPackageReference "GoogleSignIn-iOS" */ = {
			isa = XCRemoteSwiftPackageReference;
			repositoryURL = "https://github.com/google/GoogleSignIn-iOS.git";
			requirement = {
				kind = upToNextMajorVersion;
				minimumVersion = 7.0.0;
			};
		};
/* End XCRemoteSwiftPackageReference section */

/* Begin XCSwiftPackageProductDependency section */
		B1B5126A2B6F4014005DCC21 /* FirebaseAppCheck */ = {
			isa = XCSwiftPackageProductDependency;
			package = B1B512692B6F4014005DCC21 /* XCRemoteSwiftPackageReference "firebase-ios-sdk" */;
			productName = FirebaseAppCheck;
		};
		B1B5126C2B6F4014005DCC21 /* FirebaseAppDistribution-Beta */ = {
			isa = XCSwiftPackageProductDependency;
			package = B1B512692B6F4014005DCC21 /* XCRemoteSwiftPackageReference "firebase-ios-sdk" */;
			productName = "FirebaseAppDistribution-Beta";
		};
		B1B5126E2B6F4014005DCC21 /* FirebaseAuth */ = {
			isa = XCSwiftPackageProductDependency;
			package = B1B512692B6F4014005DCC21 /* XCRemoteSwiftPackageReference "firebase-ios-sdk" */;
			productName = FirebaseAuth;
		};
		B1B512702B6F4014005DCC21 /* FirebaseDatabase */ = {
			isa = XCSwiftPackageProductDependency;
			package = B1B512692B6F4014005DCC21 /* XCRemoteSwiftPackageReference "firebase-ios-sdk" */;
			productName = FirebaseDatabase;
		};
		B1B512722B6F4014005DCC21 /* FirebaseDatabaseSwift */ = {
			isa = XCSwiftPackageProductDependency;
			package = B1B512692B6F4014005DCC21 /* XCRemoteSwiftPackageReference "firebase-ios-sdk" */;
			productName = FirebaseDatabaseSwift;
		};
		B1B512742B6F4014005DCC21 /* FirebaseDynamicLinks */ = {
			isa = XCSwiftPackageProductDependency;
			package = B1B512692B6F4014005DCC21 /* XCRemoteSwiftPackageReference "firebase-ios-sdk" */;
			productName = FirebaseDynamicLinks;
		};
		B1B512762B6F4014005DCC21 /* FirebaseFirestore */ = {
			isa = XCSwiftPackageProductDependency;
			package = B1B512692B6F4014005DCC21 /* XCRemoteSwiftPackageReference "firebase-ios-sdk" */;
			productName = FirebaseFirestore;
		};
		B1B512782B6F4014005DCC21 /* FirebaseFirestoreCombine-Community */ = {
			isa = XCSwiftPackageProductDependency;
			package = B1B512692B6F4014005DCC21 /* XCRemoteSwiftPackageReference "firebase-ios-sdk" */;
			productName = "FirebaseFirestoreCombine-Community";
		};
		B1B5127A2B6F4014005DCC21 /* FirebaseFirestoreSwift */ = {
			isa = XCSwiftPackageProductDependency;
			package = B1B512692B6F4014005DCC21 /* XCRemoteSwiftPackageReference "firebase-ios-sdk" */;
			productName = FirebaseFirestoreSwift;
		};
		B1B5127C2B6F4014005DCC21 /* FirebaseFunctions */ = {
			isa = XCSwiftPackageProductDependency;
			package = B1B512692B6F4014005DCC21 /* XCRemoteSwiftPackageReference "firebase-ios-sdk" */;
			productName = FirebaseFunctions;
		};
		B1B5127E2B6F4014005DCC21 /* FirebaseFunctionsCombine-Community */ = {
			isa = XCSwiftPackageProductDependency;
			package = B1B512692B6F4014005DCC21 /* XCRemoteSwiftPackageReference "firebase-ios-sdk" */;
			productName = "FirebaseFunctionsCombine-Community";
		};
		B1B512802B6F4014005DCC21 /* FirebaseInAppMessaging-Beta */ = {
			isa = XCSwiftPackageProductDependency;
			package = B1B512692B6F4014005DCC21 /* XCRemoteSwiftPackageReference "firebase-ios-sdk" */;
			productName = "FirebaseInAppMessaging-Beta";
		};
		B1B512822B6F4014005DCC21 /* FirebaseInAppMessagingSwift-Beta */ = {
			isa = XCSwiftPackageProductDependency;
			package = B1B512692B6F4014005DCC21 /* XCRemoteSwiftPackageReference "firebase-ios-sdk" */;
			productName = "FirebaseInAppMessagingSwift-Beta";
		};
		B1B512842B6F4014005DCC21 /* FirebaseInstallations */ = {
			isa = XCSwiftPackageProductDependency;
			package = B1B512692B6F4014005DCC21 /* XCRemoteSwiftPackageReference "firebase-ios-sdk" */;
			productName = FirebaseInstallations;
		};
		B1B512862B6F4014005DCC21 /* FirebaseMLModelDownloader */ = {
			isa = XCSwiftPackageProductDependency;
			package = B1B512692B6F4014005DCC21 /* XCRemoteSwiftPackageReference "firebase-ios-sdk" */;
			productName = FirebaseMLModelDownloader;
		};
		B1B512882B6F4014005DCC21 /* FirebaseMessaging */ = {
			isa = XCSwiftPackageProductDependency;
			package = B1B512692B6F4014005DCC21 /* XCRemoteSwiftPackageReference "firebase-ios-sdk" */;
			productName = FirebaseMessaging;
		};
		B1B5128A2B6F4014005DCC21 /* FirebasePerformance */ = {
			isa = XCSwiftPackageProductDependency;
			package = B1B512692B6F4014005DCC21 /* XCRemoteSwiftPackageReference "firebase-ios-sdk" */;
			productName = FirebasePerformance;
		};
		B1B5128C2B6F4014005DCC21 /* FirebaseRemoteConfig */ = {
			isa = XCSwiftPackageProductDependency;
			package = B1B512692B6F4014005DCC21 /* XCRemoteSwiftPackageReference "firebase-ios-sdk" */;
			productName = FirebaseRemoteConfig;
		};
		B1B5128E2B6F4014005DCC21 /* FirebaseRemoteConfigSwift */ = {
			isa = XCSwiftPackageProductDependency;
			package = B1B512692B6F4014005DCC21 /* XCRemoteSwiftPackageReference "firebase-ios-sdk" */;
			productName = FirebaseRemoteConfigSwift;
		};
		B1B512902B6F4014005DCC21 /* FirebaseStorage */ = {
			isa = XCSwiftPackageProductDependency;
			package = B1B512692B6F4014005DCC21 /* XCRemoteSwiftPackageReference "firebase-ios-sdk" */;
			productName = FirebaseStorage;
		};
		B1B512922B6F4014005DCC21 /* FirebaseStorageCombine-Community */ = {
			isa = XCSwiftPackageProductDependency;
			package = B1B512692B6F4014005DCC21 /* XCRemoteSwiftPackageReference "firebase-ios-sdk" */;
			productName = "FirebaseStorageCombine-Community";
		};
		B1B5129B2B6F4620005DCC21 /* GoogleSignIn */ = {
			isa = XCSwiftPackageProductDependency;
			package = B1B5129A2B6F4620005DCC21 /* XCRemoteSwiftPackageReference "GoogleSignIn-iOS" */;
			productName = GoogleSignIn;
		};
		B1B5129D2B6F4620005DCC21 /* GoogleSignInSwift */ = {
			isa = XCSwiftPackageProductDependency;
			package = B1B5129A2B6F4620005DCC21 /* XCRemoteSwiftPackageReference "GoogleSignIn-iOS" */;
			productName = GoogleSignInSwift;
		};
/* End XCSwiftPackageProductDependency section */
	};
	rootObject = B1101FB52B6C7E86005E545E /* Project object */;
}
